// !$*UTF8*$!
{
	archiveVersion = 1;
	classes = {
	};
	objectVersion = 50;
	objects = {

/* Begin PBXBuildFile section */
		21FB86C92140FC1700E392F0 /* AppDelegate.swift in Sources */ = {isa = PBXBuildFile; fileRef = 21FB86C82140FC1700E392F0 /* AppDelegate.swift */; };
		21FB86CB2140FC1700E392F0 /* ViewController.swift in Sources */ = {isa = PBXBuildFile; fileRef = 21FB86CA2140FC1700E392F0 /* ViewController.swift */; };
		21FB86CE2140FC1700E392F0 /* Main.storyboard in Resources */ = {isa = PBXBuildFile; fileRef = 21FB86CC2140FC1700E392F0 /* Main.storyboard */; };
		21FB86D02140FC2900E392F0 /* Assets.xcassets in Resources */ = {isa = PBXBuildFile; fileRef = 21FB86CF2140FC2900E392F0 /* Assets.xcassets */; };
		21FB86D32140FC2900E392F0 /* LaunchScreen.storyboard in Resources */ = {isa = PBXBuildFile; fileRef = 21FB86D12140FC2900E392F0 /* LaunchScreen.storyboard */; };
		21FB86DD2140FC4200E392F0 /* TKSegmentView.swift in Sources */ = {isa = PBXBuildFile; fileRef = 21FB86DA2140FC4100E392F0 /* TKSegmentView.swift */; };
		21FB86E1214144B000E392F0 /* TKItemView.swift in Sources */ = {isa = PBXBuildFile; fileRef = 21FB86E0214144AF00E392F0 /* TKItemView.swift */; };
/* End PBXBuildFile section */

/* Begin PBXFileReference section */
		21FB86C52140FC1700E392F0 /* TKSegmentView.app */ = {isa = PBXFileReference; explicitFileType = wrapper.application; includeInIndex = 0; path = TKSegmentView.app; sourceTree = BUILT_PRODUCTS_DIR; };
		21FB86C82140FC1700E392F0 /* AppDelegate.swift */ = {isa = PBXFileReference; lastKnownFileType = sourcecode.swift; path = AppDelegate.swift; sourceTree = "<group>"; };
		21FB86CA2140FC1700E392F0 /* ViewController.swift */ = {isa = PBXFileReference; lastKnownFileType = sourcecode.swift; path = ViewController.swift; sourceTree = "<group>"; };
		21FB86CD2140FC1700E392F0 /* Base */ = {isa = PBXFileReference; lastKnownFileType = file.storyboard; name = Base; path = Base.lproj/Main.storyboard; sourceTree = "<group>"; };
		21FB86CF2140FC2900E392F0 /* Assets.xcassets */ = {isa = PBXFileReference; lastKnownFileType = folder.assetcatalog; path = Assets.xcassets; sourceTree = "<group>"; };
		21FB86D22140FC2900E392F0 /* Base */ = {isa = PBXFileReference; lastKnownFileType = file.storyboard; name = Base; path = Base.lproj/LaunchScreen.storyboard; sourceTree = "<group>"; };
		21FB86D42140FC2900E392F0 /* Info.plist */ = {isa = PBXFileReference; lastKnownFileType = text.plist.xml; path = Info.plist; sourceTree = "<group>"; };
		21FB86DA2140FC4100E392F0 /* TKSegmentView.swift */ = {isa = PBXFileReference; fileEncoding = 4; lastKnownFileType = sourcecode.swift; path = TKSegmentView.swift; sourceTree = "<group>"; };
		21FB86E0214144AF00E392F0 /* TKItemView.swift */ = {isa = PBXFileReference; fileEncoding = 4; lastKnownFileType = sourcecode.swift; path = TKItemView.swift; sourceTree = "<group>"; };
/* End PBXFileReference section */

/* Begin PBXFrameworksBuildPhase section */
		21FB86C22140FC1700E392F0 /* Frameworks */ = {
			isa = PBXFrameworksBuildPhase;
			buildActionMask = 2147483647;
			files = (
			);
			runOnlyForDeploymentPostprocessing = 0;
		};
/* End PBXFrameworksBuildPhase section */

/* Begin PBXGroup section */
		21FB86BC2140FC1700E392F0 = {
			isa = PBXGroup;
			children = (
				21FB86C72140FC1700E392F0 /* TKSegmentView */,
				21FB86C62140FC1700E392F0 /* Products */,
			);
			sourceTree = "<group>";
		};
		21FB86C62140FC1700E392F0 /* Products */ = {
			isa = PBXGroup;
			children = (
				21FB86C52140FC1700E392F0 /* TKSegmentView.app */,
			);
			name = Products;
			sourceTree = "<group>";
		};
		21FB86C72140FC1700E392F0 /* TKSegmentView */ = {
			isa = PBXGroup;
			children = (
				21FB86DA2140FC4100E392F0 /* TKSegmentView.swift */,
				21FB86E0214144AF00E392F0 /* TKItemView.swift */,
				21FB86C82140FC1700E392F0 /* AppDelegate.swift */,
				21FB86CA2140FC1700E392F0 /* ViewController.swift */,
				21FB86CC2140FC1700E392F0 /* Main.storyboard */,
				21FB86CF2140FC2900E392F0 /* Assets.xcassets */,
				21FB86D12140FC2900E392F0 /* LaunchScreen.storyboard */,
				21FB86D42140FC2900E392F0 /* Info.plist */,
			);
			path = TKSegmentView;
			sourceTree = "<group>";
		};
/* End PBXGroup section */

/* Begin PBXNativeTarget section */
		21FB86C42140FC1700E392F0 /* TKSegmentView */ = {
			isa = PBXNativeTarget;
			buildConfigurationList = 21FB86D72140FC2900E392F0 /* Build configuration list for PBXNativeTarget "TKSegmentView" */;
			buildPhases = (
				21FB86C12140FC1700E392F0 /* Sources */,
				21FB86C22140FC1700E392F0 /* Frameworks */,
				21FB86C32140FC1700E392F0 /* Resources */,
			);
			buildRules = (
			);
			dependencies = (
			);
			name = TKSegmentView;
			productName = TKProgressView;
			productReference = 21FB86C52140FC1700E392F0 /* TKSegmentView.app */;
			productType = "com.apple.product-type.application";
		};
/* End PBXNativeTarget section */

/* Begin PBXProject section */
		21FB86BD2140FC1700E392F0 /* Project object */ = {
			isa = PBXProject;
			attributes = {
				LastSwiftUpdateCheck = 0940;
				LastUpgradeCheck = 0940;
				ORGANIZATIONNAME = ASApps;
				TargetAttributes = {
					21FB86C42140FC1700E392F0 = {
						CreatedOnToolsVersion = 9.4;
					};
				};
			};
			buildConfigurationList = 21FB86C02140FC1700E392F0 /* Build configuration list for PBXProject "TKSegmentView" */;
			compatibilityVersion = "Xcode 9.3";
			developmentRegion = en;
			hasScannedForEncodings = 0;
			knownRegions = (
				en,
				Base,
			);
			mainGroup = 21FB86BC2140FC1700E392F0;
			productRefGroup = 21FB86C62140FC1700E392F0 /* Products */;
			projectDirPath = "";
			projectRoot = "";
			targets = (
				21FB86C42140FC1700E392F0 /* TKSegmentView */,
			);
		};
/* End PBXProject section */

/* Begin PBXResourcesBuildPhase section */
		21FB86C32140FC1700E392F0 /* Resources */ = {
			isa = PBXResourcesBuildPhase;
			buildActionMask = 2147483647;
			files = (
				21FB86D32140FC2900E392F0 /* LaunchScreen.storyboard in Resources */,
				21FB86D02140FC2900E392F0 /* Assets.xcassets in Resources */,
				21FB86CE2140FC1700E392F0 /* Main.storyboard in Resources */,
			);
			runOnlyForDeploymentPostprocessing = 0;
		};
/* End PBXResourcesBuildPhase section */

/* Begin PBXSourcesBuildPhase section */
		21FB86C12140FC1700E392F0 /* Sources */ = {
			isa = PBXSourcesBuildPhase;
			buildActionMask = 2147483647;
			files = (
				21FB86CB2140FC1700E392F0 /* ViewController.swift in Sources */,
				21FB86C92140FC1700E392F0 /* AppDelegate.swift in Sources */,
				21FB86E1214144B000E392F0 /* TKItemView.swift in Sources */,
				21FB86DD2140FC4200E392F0 /* TKSegmentView.swift in Sources */,
			);
			runOnlyForDeploymentPostprocessing = 0;
		};
/* End PBXSourcesBuildPhase section */

/* Begin PBXVariantGroup section */
		21FB86CC2140FC1700E392F0 /* Main.storyboard */ = {
			isa = PBXVariantGroup;
			children = (
				21FB86CD2140FC1700E392F0 /* Base */,
			);
			name = Main.storyboard;
			sourceTree = "<group>";
		};
		21FB86D12140FC2900E392F0 /* LaunchScreen.storyboard */ = {
			isa = PBXVariantGroup;
			children = (
				21FB86D22140FC2900E392F0 /* Base */,
			);
			name = LaunchScreen.storyboard;
			sourceTree = "<group>";
		};
/* End PBXVariantGroup section */

/* Begin XCBuildConfiguration section */
		21FB86D52140FC2900E392F0 /* Debug */ = {
			isa = XCBuildConfiguration;
			buildSettings = {
				ALWAYS_SEARCH_USER_PATHS = NO;
				CLANG_ANALYZER_NONNULL = YES;
				CLANG_ANALYZER_NUMBER_OBJECT_CONVERSION = YES_AGGRESSIVE;
				CLANG_CXX_LANGUAGE_STANDARD = "gnu++14";
				CLANG_CXX_LIBRARY = "libc++";
				CLANG_ENABLE_MODULES = YES;
				CLANG_ENABLE_OBJC_ARC = YES;
				CLANG_ENABLE_OBJC_WEAK = YES;
				CLANG_WARN_BLOCK_CAPTURE_AUTORELEASING = YES;
				CLANG_WARN_BOOL_CONVERSION = YES;
				CLANG_WARN_COMMA = YES;
				CLANG_WARN_CONSTANT_CONVERSION = YES;
				CLANG_WARN_DEPRECATED_OBJC_IMPLEMENTATIONS = YES;
				CLANG_WARN_DIRECT_OBJC_ISA_USAGE = YES_ERROR;
				CLANG_WARN_DOCUMENTATION_COMMENTS = YES;
				CLANG_WARN_EMPTY_BODY = YES;
				CLANG_WARN_ENUM_CONVERSION = YES;
				CLANG_WARN_INFINITE_RECURSION = YES;
				CLANG_WARN_INT_CONVERSION = YES;
				CLANG_WARN_NON_LITERAL_NULL_CONVERSION = YES;
				CLANG_WARN_OBJC_IMPLICIT_RETAIN_SELF = YES;
				CLANG_WARN_OBJC_LITERAL_CONVERSION = YES;
				CLANG_WARN_OBJC_ROOT_CLASS = YES_ERROR;
				CLANG_WARN_RANGE_LOOP_ANALYSIS = YES;
				CLANG_WARN_STRICT_PROTOTYPES = YES;
				CLANG_WARN_SUSPICIOUS_MOVE = YES;
				CLANG_WARN_UNGUARDED_AVAILABILITY = YES_AGGRESSIVE;
				CLANG_WARN_UNREACHABLE_CODE = YES;
				CLANG_WARN__DUPLICATE_METHOD_MATCH = YES;
				CODE_SIGN_IDENTITY = "iPhone Developer";
				COPY_PHASE_STRIP = NO;
				DEBUG_INFORMATION_FORMAT = dwarf;
				ENABLE_STRICT_OBJC_MSGSEND = YES;
				ENABLE_TESTABILITY = YES;
				GCC_C_LANGUAGE_STANDARD = gnu11;
				GCC_DYNAMIC_NO_PIC = NO;
				GCC_NO_COMMON_BLOCKS = YES;
				GCC_OPTIMIZATION_LEVEL = 0;
				GCC_PREPROCESSOR_DEFINITIONS = (
					"DEBUG=1",
					"$(inherited)",
				);
				GCC_WARN_64_TO_32_BIT_CONVERSION = YES;
				GCC_WARN_ABOUT_RETURN_TYPE = YES_ERROR;
				GCC_WARN_UNDECLARED_SELECTOR = YES;
				GCC_WARN_UNINITIALIZED_AUTOS = YES_AGGRESSIVE;
				GCC_WARN_UNUSED_FUNCTION = YES;
				GCC_WARN_UNUSED_VARIABLE = YES;
				IPHONEOS_DEPLOYMENT_TARGET = 11.4;
				MTL_ENABLE_DEBUG_INFO = YES;
				ONLY_ACTIVE_ARCH = YES;
				SDKROOT = iphoneos;
				SWIFT_ACTIVE_COMPILATION_CONDITIONS = DEBUG;
				SWIFT_OPTIMIZATION_LEVEL = "-Onone";
			};
			name = Debug;
		};
		21FB86D62140FC2900E392F0 /* Release */ = {
			isa = XCBuildConfiguration;
			buildSettings = {
				ALWAYS_SEARCH_USER_PATHS = NO;
				CLANG_ANALYZER_NONNULL = YES;
				CLANG_ANALYZER_NUMBER_OBJECT_CONVERSION = YES_AGGRESSIVE;
				CLANG_CXX_LANGUAGE_STANDARD = "gnu++14";
				CLANG_CXX_LIBRARY = "libc++";
				CLANG_ENABLE_MODULES = YES;
				CLANG_ENABLE_OBJC_ARC = YES;
				CLANG_ENABLE_OBJC_WEAK = YES;
				CLANG_WARN_BLOCK_CAPTURE_AUTORELEASING = YES;
				CLANG_WARN_BOOL_CONVERSION = YES;
				CLANG_WARN_COMMA = YES;
				CLANG_WARN_CONSTANT_CONVERSION = YES;
				CLANG_WARN_DEPRECATED_OBJC_IMPLEMENTATIONS = YES;
				CLANG_WARN_DIRECT_OBJC_ISA_USAGE = YES_ERROR;
				CLANG_WARN_DOCUMENTATION_COMMENTS = YES;
				CLANG_WARN_EMPTY_BODY = YES;
				CLANG_WARN_ENUM_CONVERSION = YES;
				CLANG_WARN_INFINITE_RECURSION = YES;
				CLANG_WARN_INT_CONVERSION = YES;
				CLANG_WARN_NON_LITERAL_NULL_CONVERSION = YES;
				CLANG_WARN_OBJC_IMPLICIT_RETAIN_SELF = YES;
				CLANG_WARN_OBJC_LITERAL_CONVERSION = YES;
				CLANG_WARN_OBJC_ROOT_CLASS = YES_ERROR;
				CLANG_WARN_RANGE_LOOP_ANALYSIS = YES;
				CLANG_WARN_STRICT_PROTOTYPES = YES;
				CLANG_WARN_SUSPICIOUS_MOVE = YES;
				CLANG_WARN_UNGUARDED_AVAILABILITY = YES_AGGRESSIVE;
				CLANG_WARN_UNREACHABLE_CODE = YES;
				CLANG_WARN__DUPLICATE_METHOD_MATCH = YES;
				CODE_SIGN_IDENTITY = "iPhone Developer";
				COPY_PHASE_STRIP = NO;
				DEBUG_INFORMATION_FORMAT = "dwarf-with-dsym";
				ENABLE_NS_ASSERTIONS = NO;
				ENABLE_STRICT_OBJC_MSGSEND = YES;
				GCC_C_LANGUAGE_STANDARD = gnu11;
				GCC_NO_COMMON_BLOCKS = YES;
				GCC_WARN_64_TO_32_BIT_CONVERSION = YES;
				GCC_WARN_ABOUT_RETURN_TYPE = YES_ERROR;
				GCC_WARN_UNDECLARED_SELECTOR = YES;
				GCC_WARN_UNINITIALIZED_AUTOS = YES_AGGRESSIVE;
				GCC_WARN_UNUSED_FUNCTION = YES;
				GCC_WARN_UNUSED_VARIABLE = YES;
				IPHONEOS_DEPLOYMENT_TARGET = 11.4;
				MTL_ENABLE_DEBUG_INFO = NO;
				SDKROOT = iphoneos;
				SWIFT_COMPILATION_MODE = wholemodule;
				SWIFT_OPTIMIZATION_LEVEL = "-O";
				VALIDATE_PRODUCT = YES;
			};
			name = Release;
		};
		21FB86D82140FC2900E392F0 /* Debug */ = {
			isa = XCBuildConfiguration;
			buildSettings = {
				ASSETCATALOG_COMPILER_APPICON_NAME = AppIcon;
				CODE_SIGN_STYLE = Manual;
				DEVELOPMENT_TEAM = BEV2Z98CJ8;
				INFOPLIST_FILE = "$(SRCROOT)/TKSegmentView/Info.plist";
				IPHONEOS_DEPLOYMENT_TARGET = 10.0;
				LD_RUNPATH_SEARCH_PATHS = (
					"$(inherited)",
					"@executable_path/Frameworks",
				);
				PRODUCT_BUNDLE_IDENTIFIER = com.ASApps.TKProgressView;
				PRODUCT_NAME = "$(TARGET_NAME)";
				PROVISIONING_PROFILE_SPECIFIER = WildCard;
				SWIFT_VERSION = 4.0;
				TARGETED_DEVICE_FAMILY = "1,2";
			};
			name = Debug;
		};
		21FB86D92140FC2900E392F0 /* Release */ = {
			isa = XCBuildConfiguration;
			buildSettings = {
				ASSETCATALOG_COMPILER_APPICON_NAME = AppIcon;
				CODE_SIGN_STYLE = Manual;
				DEVELOPMENT_TEAM = BEV2Z98CJ8;
				INFOPLIST_FILE = "$(SRCROOT)/TKSegmentView/Info.plist";
				IPHONEOS_DEPLOYMENT_TARGET = 10.0;
				LD_RUNPATH_SEARCH_PATHS = (
					"$(inherited)",
					"@executable_path/Frameworks",
				);
				PRODUCT_BUNDLE_IDENTIFIER = com.ASApps.TKProgressView;
				PRODUCT_NAME = "$(TARGET_NAME)";
				PROVISIONING_PROFILE_SPECIFIER = WildCard;
				SWIFT_VERSION = 4.0;
				TARGETED_DEVICE_FAMILY = "1,2";
			};
			name = Release;
		};
/* End XCBuildConfiguration section */

/* Begin XCConfigurationList section */
		21FB86C02140FC1700E392F0 /* Build configuration list for PBXProject "TKSegmentView" */ = {
			isa = XCConfigurationList;
			buildConfigurations = (
				21FB86D52140FC2900E392F0 /* Debug */,
				21FB86D62140FC2900E392F0 /* Release */,
			);
			defaultConfigurationIsVisible = 0;
			defaultConfigurationName = Release;
		};
		21FB86D72140FC2900E392F0 /* Build configuration list for PBXNativeTarget "TKSegmentView" */ = {
			isa = XCConfigurationList;
			buildConfigurations = (
				21FB86D82140FC2900E392F0 /* Debug */,
				21FB86D92140FC2900E392F0 /* Release */,
			);
			defaultConfigurationIsVisible = 0;
			defaultConfigurationName = Release;
		};
/* End XCConfigurationList section */
	};
	rootObject = 21FB86BD2140FC1700E392F0 /* Project object */;
}
